
Microsoft Visual Studio Solution File, Format Version 12.00
# Visual Studio Version 16
VisualStudioVersion = 16.0.29911.84
MinimumVisualStudioVersion = 10.0.40219.1
Project("{9A19103F-16F7-4668-BE54-9A1E7A4F7556}") = "eDecor.DAO", "eDecor.DAO\eDecor.DAO.csproj", "{0D92887D-228C-4DEB-A85F-92663080A798}"
EndProject
Project("{9A19103F-16F7-4668-BE54-9A1E7A4F7556}") = "test", "test\test.csproj", "{0E1D177A-C525-4D6A-93C6-DD07C9919B61}"
EndProject
Global
	GlobalSection(SolutionConfigurationPlatforms) = preSolution
		Debug|Any CPU = Debug|Any CPU
		Release|Any CPU = Release|Any CPU
	EndGlobalSection
	GlobalSection(ProjectConfigurationPlatforms) = postSolution
		{0D92887D-228C-4DEB-A85F-92663080A798}.Debug|Any CPU.ActiveCfg = Debug|Any CPU
		{0D92887D-228C-4DEB-A85F-92663080A798}.Debug|Any CPU.Build.0 = Debug|Any CPU
		{0D92887D-228C-4DEB-A85F-92663080A798}.Release|Any CPU.ActiveCfg = Release|Any CPU
		{0D92887D-228C-4DEB-A85F-92663080A798}.Release|Any CPU.Build.0 = Release|Any CPU
		{0E1D177A-C525-4D6A-93C6-DD07C9919B61}.Debug|Any CPU.ActiveCfg = Debug|Any CPU
		{0E1D177A-C525-4D6A-93C6-DD07C9919B61}.Debug|Any CPU.Build.0 = Debug|Any CPU
		{0E1D177A-C525-4D6A-93C6-DD07C9919B61}.Release|Any CPU.ActiveCfg = Release|Any CPU
		{0E1D177A-C525-4D6A-93C6-DD07C9919B61}.Release|Any CPU.Build.0 = Release|Any CPU
	EndGlobalSection
	GlobalSection(SolutionProperties) = preSolution
		HideSolutionNode = FALSE
	EndGlobalSection
	GlobalSection(ExtensibilityGlobals) = postSolution
		SolutionGuid = {40EBAFEF-AECB-459A-A01E-28AE1609FC11}
	EndGlobalSection
EndGlobal
